schema: '2.0'
stages:
  data_ingestion:
    cmd: python src/data_ingestion.py
    deps:
    - path: src/data_ingestion.py
      hash: md5
      md5: 1fae1d42bab332624b0690f4454ea462
      size: 4922
    params:
      params.yaml:
        data_ingestion.test_size: 0.25
    outs:
    - path: data/raw
      hash: md5
      md5: bdfec81dead87105f5094463470e6cff.dir
      size: 638450
      nfiles: 4
  pre-processing:
    cmd: python src/pre-processing.py
    deps:
    - path: data/raw
      hash: md5
      md5: bdfec81dead87105f5094463470e6cff.dir
      size: 638450
      nfiles: 4
    - path: src/pre-processing.py
      hash: md5
      md5: cc1161e52e28d4393587de898710f1e8
      size: 3930
    outs:
    - path: data/interm
      hash: md5
      md5: 6352dc85a439a9cebf20441dc5e4df8b.dir
      size: 779731
      nfiles: 4
  feature-engineering:
    cmd: python src/feature-engineering.py
    deps:
    - path: data/interm
      hash: md5
      md5: 6352dc85a439a9cebf20441dc5e4df8b.dir
      size: 779731
      nfiles: 4
    - path: data/raw
      hash: md5
      md5: bdfec81dead87105f5094463470e6cff.dir
      size: 638450
      nfiles: 4
    - path: src/feature-engineering.py
      hash: md5
      md5: 03000a15d4571f8b0f07f4e74300acbf
      size: 2046
  MT:
    cmd: python src/MT.py
    deps:
    - path: data/interm
      hash: md5
      md5: 6352dc85a439a9cebf20441dc5e4df8b.dir
      size: 779731
      nfiles: 4
    - path: src/MT.py
      hash: md5
      md5: ae050eb2d44676588ab58577aa68a134
      size: 4246
    params:
      params.yaml:
        MT.n_estimators: 500
        MT.random_state: 42
    outs:
    - path: models/model_pipeline.pkl
      hash: md5
      md5: 6e90e49ac0adbeb4681602fa2628eedf
      size: 21863939
  ME:
    cmd: python src/ME.py
    deps:
    - path: data/interm
      hash: md5
      md5: 6352dc85a439a9cebf20441dc5e4df8b.dir
      size: 779731
      nfiles: 4
    - path: models/model_pipeline.pkl
      hash: md5
      md5: 6e90e49ac0adbeb4681602fa2628eedf
      size: 21863939
    - path: src/ME.py
      hash: md5
      md5: ff066b845e17efc15721c45e984958b5
      size: 4209
    outs:
    - path: reports/metrics.json
      hash: md5
      md5: ce13b9313578ac4682a7f5cbd41eda84
      size: 134
